// !$*UTF8*$!
{
	archiveVersion = 1;
	classes = {
	};
	objectVersion = 56;
	objects = {

/* Begin PBXBuildFile section */
		979E6FCE2C492CD800EBB4CC /* TodoListApp.swift in Sources */ = {isa = PBXBuildFile; fileRef = 979E6FCD2C492CD800EBB4CC /* TodoListApp.swift */; };
		979E6FD22C492CDA00EBB4CC /* Assets.xcassets in Resources */ = {isa = PBXBuildFile; fileRef = 979E6FD12C492CDA00EBB4CC /* Assets.xcassets */; };
		979E6FD52C492CDA00EBB4CC /* Preview Assets.xcassets in Resources */ = {isa = PBXBuildFile; fileRef = 979E6FD42C492CDA00EBB4CC /* Preview Assets.xcassets */; };
		979E6FDF2C492CDA00EBB4CC /* TodoListTests.swift in Sources */ = {isa = PBXBuildFile; fileRef = 979E6FDE2C492CDA00EBB4CC /* TodoListTests.swift */; };
		979E6FE92C492CDA00EBB4CC /* TodoListUITests.swift in Sources */ = {isa = PBXBuildFile; fileRef = 979E6FE82C492CDA00EBB4CC /* TodoListUITests.swift */; };
		979E6FEB2C492CDA00EBB4CC /* TodoListUITestsLaunchTests.swift in Sources */ = {isa = PBXBuildFile; fileRef = 979E6FEA2C492CDA00EBB4CC /* TodoListUITestsLaunchTests.swift */; };
		979E6FF92C492E0000EBB4CC /* ListView.swift in Sources */ = {isa = PBXBuildFile; fileRef = 979E6FF82C492E0000EBB4CC /* ListView.swift */; };
		979E6FFB2C4BEBBF00EBB4CC /* ListRowView.swift in Sources */ = {isa = PBXBuildFile; fileRef = 979E6FFA2C4BEBBF00EBB4CC /* ListRowView.swift */; };
		979E6FFD2C4BEEF500EBB4CC /* AddView.swift in Sources */ = {isa = PBXBuildFile; fileRef = 979E6FFC2C4BEEF500EBB4CC /* AddView.swift */; };
		979E70002C5A251B00EBB4CC /* ItemModel.swift in Sources */ = {isa = PBXBuildFile; fileRef = 979E6FFF2C5A251B00EBB4CC /* ItemModel.swift */; };
		979E70032C5A3BD800EBB4CC /* ListViewModel.swift in Sources */ = {isa = PBXBuildFile; fileRef = 979E70022C5A3BD800EBB4CC /* ListViewModel.swift */; };
/* End PBXBuildFile section */

/* Begin PBXContainerItemProxy section */
		979E6FDB2C492CDA00EBB4CC /* PBXContainerItemProxy */ = {
			isa = PBXContainerItemProxy;
			containerPortal = 979E6FC22C492CD800EBB4CC /* Project object */;
			proxyType = 1;
			remoteGlobalIDString = 979E6FC92C492CD800EBB4CC;
			remoteInfo = TodoList;
		};
		979E6FE52C492CDA00EBB4CC /* PBXContainerItemProxy */ = {
			isa = PBXContainerItemProxy;
			containerPortal = 979E6FC22C492CD800EBB4CC /* Project object */;
			proxyType = 1;
			remoteGlobalIDString = 979E6FC92C492CD800EBB4CC;
			remoteInfo = TodoList;
		};
/* End PBXContainerItemProxy section */

/* Begin PBXFileReference section */
		979E6FCA2C492CD800EBB4CC /* TodoList.app */ = {isa = PBXFileReference; explicitFileType = wrapper.application; includeInIndex = 0; path = TodoList.app; sourceTree = BUILT_PRODUCTS_DIR; };
		979E6FCD2C492CD800EBB4CC /* TodoListApp.swift */ = {isa = PBXFileReference; lastKnownFileType = sourcecode.swift; path = TodoListApp.swift; sourceTree = "<group>"; };
		979E6FD12C492CDA00EBB4CC /* Assets.xcassets */ = {isa = PBXFileReference; lastKnownFileType = folder.assetcatalog; path = Assets.xcassets; sourceTree = "<group>"; };
		979E6FD42C492CDA00EBB4CC /* Preview Assets.xcassets */ = {isa = PBXFileReference; lastKnownFileType = folder.assetcatalog; path = "Preview Assets.xcassets"; sourceTree = "<group>"; };
		979E6FDA2C492CDA00EBB4CC /* TodoListTests.xctest */ = {isa = PBXFileReference; explicitFileType = wrapper.cfbundle; includeInIndex = 0; path = TodoListTests.xctest; sourceTree = BUILT_PRODUCTS_DIR; };
		979E6FDE2C492CDA00EBB4CC /* TodoListTests.swift */ = {isa = PBXFileReference; lastKnownFileType = sourcecode.swift; path = TodoListTests.swift; sourceTree = "<group>"; };
		979E6FE42C492CDA00EBB4CC /* TodoListUITests.xctest */ = {isa = PBXFileReference; explicitFileType = wrapper.cfbundle; includeInIndex = 0; path = TodoListUITests.xctest; sourceTree = BUILT_PRODUCTS_DIR; };
		979E6FE82C492CDA00EBB4CC /* TodoListUITests.swift */ = {isa = PBXFileReference; lastKnownFileType = sourcecode.swift; path = TodoListUITests.swift; sourceTree = "<group>"; };
		979E6FEA2C492CDA00EBB4CC /* TodoListUITestsLaunchTests.swift */ = {isa = PBXFileReference; lastKnownFileType = sourcecode.swift; path = TodoListUITestsLaunchTests.swift; sourceTree = "<group>"; };
		979E6FF82C492E0000EBB4CC /* ListView.swift */ = {isa = PBXFileReference; lastKnownFileType = sourcecode.swift; path = ListView.swift; sourceTree = "<group>"; };
		979E6FFA2C4BEBBF00EBB4CC /* ListRowView.swift */ = {isa = PBXFileReference; lastKnownFileType = sourcecode.swift; path = ListRowView.swift; sourceTree = "<group>"; };
		979E6FFC2C4BEEF500EBB4CC /* AddView.swift */ = {isa = PBXFileReference; lastKnownFileType = sourcecode.swift; path = AddView.swift; sourceTree = "<group>"; };
		979E6FFF2C5A251B00EBB4CC /* ItemModel.swift */ = {isa = PBXFileReference; lastKnownFileType = sourcecode.swift; path = ItemModel.swift; sourceTree = "<group>"; };
		979E70022C5A3BD800EBB4CC /* ListViewModel.swift */ = {isa = PBXFileReference; lastKnownFileType = sourcecode.swift; path = ListViewModel.swift; sourceTree = "<group>"; };
/* End PBXFileReference section */

/* Begin PBXFrameworksBuildPhase section */
		979E6FC72C492CD800EBB4CC /* Frameworks */ = {
			isa = PBXFrameworksBuildPhase;
			buildActionMask = 2147483647;
			files = (
			);
			runOnlyForDeploymentPostprocessing = 0;
		};
		979E6FD72C492CDA00EBB4CC /* Frameworks */ = {
			isa = PBXFrameworksBuildPhase;
			buildActionMask = 2147483647;
			files = (
			);
			runOnlyForDeploymentPostprocessing = 0;
		};
		979E6FE12C492CDA00EBB4CC /* Frameworks */ = {
			isa = PBXFrameworksBuildPhase;
			buildActionMask = 2147483647;
			files = (
			);
			runOnlyForDeploymentPostprocessing = 0;
		};
/* End PBXFrameworksBuildPhase section */

/* Begin PBXGroup section */
		979E6FC12C492CD800EBB4CC = {
			isa = PBXGroup;
			children = (
				979E6FCC2C492CD800EBB4CC /* TodoList */,
				979E6FDD2C492CDA00EBB4CC /* TodoListTests */,
				979E6FE72C492CDA00EBB4CC /* TodoListUITests */,
				979E6FCB2C492CD800EBB4CC /* Products */,
			);
			sourceTree = "<group>";
		};
		979E6FCB2C492CD800EBB4CC /* Products */ = {
			isa = PBXGroup;
			children = (
				979E6FCA2C492CD800EBB4CC /* TodoList.app */,
				979E6FDA2C492CDA00EBB4CC /* TodoListTests.xctest */,
				979E6FE42C492CDA00EBB4CC /* TodoListUITests.xctest */,
			);
			name = Products;
			sourceTree = "<group>";
		};
		979E6FCC2C492CD800EBB4CC /* TodoList */ = {
			isa = PBXGroup;
			children = (
				979E6FCD2C492CD800EBB4CC /* TodoListApp.swift */,
				979E6FFE2C5A24D900EBB4CC /* Models */,
				979E70012C5A3B7800EBB4CC /* ViewModels */,
				979E6FF72C492DD300EBB4CC /* Views */,
				979E6FD12C492CDA00EBB4CC /* Assets.xcassets */,
				979E6FD32C492CDA00EBB4CC /* Preview Content */,
			);
			path = TodoList;
			sourceTree = "<group>";
		};
		979E6FD32C492CDA00EBB4CC /* Preview Content */ = {
			isa = PBXGroup;
			children = (
				979E6FD42C492CDA00EBB4CC /* Preview Assets.xcassets */,
			);
			path = "Preview Content";
			sourceTree = "<group>";
		};
		979E6FDD2C492CDA00EBB4CC /* TodoListTests */ = {
			isa = PBXGroup;
			children = (
				979E6FDE2C492CDA00EBB4CC /* TodoListTests.swift */,
			);
			path = TodoListTests;
			sourceTree = "<group>";
		};
		979E6FE72C492CDA00EBB4CC /* TodoListUITests */ = {
			isa = PBXGroup;
			children = (
				979E6FE82C492CDA00EBB4CC /* TodoListUITests.swift */,
				979E6FEA2C492CDA00EBB4CC /* TodoListUITestsLaunchTests.swift */,
			);
			path = TodoListUITests;
			sourceTree = "<group>";
		};
		979E6FF72C492DD300EBB4CC /* Views */ = {
			isa = PBXGroup;
			children = (
				979E6FF82C492E0000EBB4CC /* ListView.swift */,
				979E6FFA2C4BEBBF00EBB4CC /* ListRowView.swift */,
				979E6FFC2C4BEEF500EBB4CC /* AddView.swift */,
			);
			path = Views;
			sourceTree = "<group>";
		};
		979E6FFE2C5A24D900EBB4CC /* Models */ = {
			isa = PBXGroup;
			children = (
				979E6FFF2C5A251B00EBB4CC /* ItemModel.swift */,
			);
			path = Models;
			sourceTree = "<group>";
		};
		979E70012C5A3B7800EBB4CC /* ViewModels */ = {
			isa = PBXGroup;
			children = (
				979E70022C5A3BD800EBB4CC /* ListViewModel.swift */,
			);
			path = ViewModels;
			sourceTree = "<group>";
		};
/* End PBXGroup section */

/* Begin PBXNativeTarget section */
		979E6FC92C492CD800EBB4CC /* TodoList */ = {
			isa = PBXNativeTarget;
			buildConfigurationList = 979E6FEE2C492CDA00EBB4CC /* Build configuration list for PBXNativeTarget "TodoList" */;
			buildPhases = (
				979E6FC62C492CD800EBB4CC /* Sources */,
				979E6FC72C492CD800EBB4CC /* Frameworks */,
				979E6FC82C492CD800EBB4CC /* Resources */,
			);
			buildRules = (
			);
			dependencies = (
			);
			name = TodoList;
			productName = TodoList;
			productReference = 979E6FCA2C492CD800EBB4CC /* TodoList.app */;
			productType = "com.apple.product-type.application";
		};
		979E6FD92C492CDA00EBB4CC /* TodoListTests */ = {
			isa = PBXNativeTarget;
			buildConfigurationList = 979E6FF12C492CDA00EBB4CC /* Build configuration list for PBXNativeTarget "TodoListTests" */;
			buildPhases = (
				979E6FD62C492CDA00EBB4CC /* Sources */,
				979E6FD72C492CDA00EBB4CC /* Frameworks */,
				979E6FD82C492CDA00EBB4CC /* Resources */,
			);
			buildRules = (
			);
			dependencies = (
				979E6FDC2C492CDA00EBB4CC /* PBXTargetDependency */,
			);
			name = TodoListTests;
			productName = TodoListTests;
			productReference = 979E6FDA2C492CDA00EBB4CC /* TodoListTests.xctest */;
			productType = "com.apple.product-type.bundle.unit-test";
		};
		979E6FE32C492CDA00EBB4CC /* TodoListUITests */ = {
			isa = PBXNativeTarget;
			buildConfigurationList = 979E6FF42C492CDA00EBB4CC /* Build configuration list for PBXNativeTarget "TodoListUITests" */;
			buildPhases = (
				979E6FE02C492CDA00EBB4CC /* Sources */,
				979E6FE12C492CDA00EBB4CC /* Frameworks */,
				979E6FE22C492CDA00EBB4CC /* Resources */,
			);
			buildRules = (
			);
			dependencies = (
				979E6FE62C492CDA00EBB4CC /* PBXTargetDependency */,
			);
			name = TodoListUITests;
			productName = TodoListUITests;
			productReference = 979E6FE42C492CDA00EBB4CC /* TodoListUITests.xctest */;
			productType = "com.apple.product-type.bundle.ui-testing";
		};
/* End PBXNativeTarget section */

/* Begin PBXProject section */
		979E6FC22C492CD800EBB4CC /* Project object */ = {
			isa = PBXProject;
			attributes = {
				BuildIndependentTargetsInParallel = 1;
				LastSwiftUpdateCheck = 1540;
				LastUpgradeCheck = 1540;
				TargetAttributes = {
					979E6FC92C492CD800EBB4CC = {
						CreatedOnToolsVersion = 15.4;
					};
					979E6FD92C492CDA00EBB4CC = {
						CreatedOnToolsVersion = 15.4;
						TestTargetID = 979E6FC92C492CD800EBB4CC;
					};
					979E6FE32C492CDA00EBB4CC = {
						CreatedOnToolsVersion = 15.4;
						TestTargetID = 979E6FC92C492CD800EBB4CC;
					};
				};
			};
			buildConfigurationList = 979E6FC52C492CD800EBB4CC /* Build configuration list for PBXProject "TodoList" */;
			compatibilityVersion = "Xcode 14.0";
			developmentRegion = en;
			hasScannedForEncodings = 0;
			knownRegions = (
				en,
				Base,
			);
			mainGroup = 979E6FC12C492CD800EBB4CC;
			productRefGroup = 979E6FCB2C492CD800EBB4CC /* Products */;
			projectDirPath = "";
			projectRoot = "";
			targets = (
				979E6FC92C492CD800EBB4CC /* TodoList */,
				979E6FD92C492CDA00EBB4CC /* TodoListTests */,
				979E6FE32C492CDA00EBB4CC /* TodoListUITests */,
			);
		};
/* End PBXProject section */

/* Begin PBXResourcesBuildPhase section */
		979E6FC82C492CD800EBB4CC /* Resources */ = {
			isa = PBXResourcesBuildPhase;
			buildActionMask = 2147483647;
			files = (
				979E6FD52C492CDA00EBB4CC /* Preview Assets.xcassets in Resources */,
				979E6FD22C492CDA00EBB4CC /* Assets.xcassets in Resources */,
			);
			runOnlyForDeploymentPostprocessing = 0;
		};
		979E6FD82C492CDA00EBB4CC /* Resources */ = {
			isa = PBXResourcesBuildPhase;
			buildActionMask = 2147483647;
			files = (
			);
			runOnlyForDeploymentPostprocessing = 0;
		};
		979E6FE22C492CDA00EBB4CC /* Resources */ = {
			isa = PBXResourcesBuildPhase;
			buildActionMask = 2147483647;
			files = (
			);
			runOnlyForDeploymentPostprocessing = 0;
		};
/* End PBXResourcesBuildPhase section */

/* Begin PBXSourcesBuildPhase section */
		979E6FC62C492CD800EBB4CC /* Sources */ = {
			isa = PBXSourcesBuildPhase;
			buildActionMask = 2147483647;
			files = (
				979E70002C5A251B00EBB4CC /* ItemModel.swift in Sources */,
				979E6FFD2C4BEEF500EBB4CC /* AddView.swift in Sources */,
				979E70032C5A3BD800EBB4CC /* ListViewModel.swift in Sources */,
				979E6FCE2C492CD800EBB4CC /* TodoListApp.swift in Sources */,
				979E6FF92C492E0000EBB4CC /* ListView.swift in Sources */,
				979E6FFB2C4BEBBF00EBB4CC /* ListRowView.swift in Sources */,
			);
			runOnlyForDeploymentPostprocessing = 0;
		};
		979E6FD62C492CDA00EBB4CC /* Sources */ = {
			isa = PBXSourcesBuildPhase;
			buildActionMask = 2147483647;
			files = (
				979E6FDF2C492CDA00EBB4CC /* TodoListTests.swift in Sources */,
			);
			runOnlyForDeploymentPostprocessing = 0;
		};
		979E6FE02C492CDA00EBB4CC /* Sources */ = {
			isa = PBXSourcesBuildPhase;
			buildActionMask = 2147483647;
			files = (
				979E6FEB2C492CDA00EBB4CC /* TodoListUITestsLaunchTests.swift in Sources */,
				979E6FE92C492CDA00EBB4CC /* TodoListUITests.swift in Sources */,
			);
			runOnlyForDeploymentPostprocessing = 0;
		};
/* End PBXSourcesBuildPhase section */

/* Begin PBXTargetDependency section */
		979E6FDC2C492CDA00EBB4CC /* PBXTargetDependency */ = {
			isa = PBXTargetDependency;
			target = 979E6FC92C492CD800EBB4CC /* TodoList */;
			targetProxy = 979E6FDB2C492CDA00EBB4CC /* PBXContainerItemProxy */;
		};
		979E6FE62C492CDA00EBB4CC /* PBXTargetDependency */ = {
			isa = PBXTargetDependency;
			target = 979E6FC92C492CD800EBB4CC /* TodoList */;
			targetProxy = 979E6FE52C492CDA00EBB4CC /* PBXContainerItemProxy */;
		};
/* End PBXTargetDependency section */

/* Begin XCBuildConfiguration section */
		979E6FEC2C492CDA00EBB4CC /* Debug */ = {
			isa = XCBuildConfiguration;
			buildSettings = {
				ALWAYS_SEARCH_USER_PATHS = NO;
				ASSETCATALOG_COMPILER_GENERATE_SWIFT_ASSET_SYMBOL_EXTENSIONS = YES;
				CLANG_ANALYZER_NONNULL = YES;
				CLANG_ANALYZER_NUMBER_OBJECT_CONVERSION = YES_AGGRESSIVE;
				CLANG_CXX_LANGUAGE_STANDARD = "gnu++20";
				CLANG_ENABLE_MODULES = YES;
				CLANG_ENABLE_OBJC_ARC = YES;
				CLANG_ENABLE_OBJC_WEAK = YES;
				CLANG_WARN_BLOCK_CAPTURE_AUTORELEASING = YES;
				CLANG_WARN_BOOL_CONVERSION = YES;
				CLANG_WARN_COMMA = YES;
				CLANG_WARN_CONSTANT_CONVERSION = YES;
				CLANG_WARN_DEPRECATED_OBJC_IMPLEMENTATIONS = YES;
				CLANG_WARN_DIRECT_OBJC_ISA_USAGE = YES_ERROR;
				CLANG_WARN_DOCUMENTATION_COMMENTS = YES;
				CLANG_WARN_EMPTY_BODY = YES;
				CLANG_WARN_ENUM_CONVERSION = YES;
				CLANG_WARN_INFINITE_RECURSION = YES;
				CLANG_WARN_INT_CONVERSION = YES;
				CLANG_WARN_NON_LITERAL_NULL_CONVERSION = YES;
				CLANG_WARN_OBJC_IMPLICIT_RETAIN_SELF = YES;
				CLANG_WARN_OBJC_LITERAL_CONVERSION = YES;
				CLANG_WARN_OBJC_ROOT_CLASS = YES_ERROR;
				CLANG_WARN_QUOTED_INCLUDE_IN_FRAMEWORK_HEADER = YES;
				CLANG_WARN_RANGE_LOOP_ANALYSIS = YES;
				CLANG_WARN_STRICT_PROTOTYPES = YES;
				CLANG_WARN_SUSPICIOUS_MOVE = YES;
				CLANG_WARN_UNGUARDED_AVAILABILITY = YES_AGGRESSIVE;
				CLANG_WARN_UNREACHABLE_CODE = YES;
				CLANG_WARN__DUPLICATE_METHOD_MATCH = YES;
				COPY_PHASE_STRIP = NO;
				DEBUG_INFORMATION_FORMAT = dwarf;
				ENABLE_STRICT_OBJC_MSGSEND = YES;
				ENABLE_TESTABILITY = YES;
				ENABLE_USER_SCRIPT_SANDBOXING = YES;
				GCC_C_LANGUAGE_STANDARD = gnu17;
				GCC_DYNAMIC_NO_PIC = NO;
				GCC_NO_COMMON_BLOCKS = YES;
				GCC_OPTIMIZATION_LEVEL = 0;
				GCC_PREPROCESSOR_DEFINITIONS = (
					"DEBUG=1",
					"$(inherited)",
				);
				GCC_WARN_64_TO_32_BIT_CONVERSION = YES;
				GCC_WARN_ABOUT_RETURN_TYPE = YES_ERROR;
				GCC_WARN_UNDECLARED_SELECTOR = YES;
				GCC_WARN_UNINITIALIZED_AUTOS = YES_AGGRESSIVE;
				GCC_WARN_UNUSED_FUNCTION = YES;
				GCC_WARN_UNUSED_VARIABLE = YES;
				IPHONEOS_DEPLOYMENT_TARGET = 17.5;
				LOCALIZATION_PREFERS_STRING_CATALOGS = YES;
				MTL_ENABLE_DEBUG_INFO = INCLUDE_SOURCE;
				MTL_FAST_MATH = YES;
				ONLY_ACTIVE_ARCH = YES;
				SDKROOT = iphoneos;
				SWIFT_ACTIVE_COMPILATION_CONDITIONS = "DEBUG $(inherited)";
				SWIFT_OPTIMIZATION_LEVEL = "-Onone";
			};
			name = Debug;
		};
		979E6FED2C492CDA00EBB4CC /* Release */ = {
			isa = XCBuildConfiguration;
			buildSettings = {
				ALWAYS_SEARCH_USER_PATHS = NO;
				ASSETCATALOG_COMPILER_GENERATE_SWIFT_ASSET_SYMBOL_EXTENSIONS = YES;
				CLANG_ANALYZER_NONNULL = YES;
				CLANG_ANALYZER_NUMBER_OBJECT_CONVERSION = YES_AGGRESSIVE;
				CLANG_CXX_LANGUAGE_STANDARD = "gnu++20";
				CLANG_ENABLE_MODULES = YES;
				CLANG_ENABLE_OBJC_ARC = YES;
				CLANG_ENABLE_OBJC_WEAK = YES;
				CLANG_WARN_BLOCK_CAPTURE_AUTORELEASING = YES;
				CLANG_WARN_BOOL_CONVERSION = YES;
				CLANG_WARN_COMMA = YES;
				CLANG_WARN_CONSTANT_CONVERSION = YES;
				CLANG_WARN_DEPRECATED_OBJC_IMPLEMENTATIONS = YES;
				CLANG_WARN_DIRECT_OBJC_ISA_USAGE = YES_ERROR;
				CLANG_WARN_DOCUMENTATION_COMMENTS = YES;
				CLANG_WARN_EMPTY_BODY = YES;
				CLANG_WARN_ENUM_CONVERSION = YES;
				CLANG_WARN_INFINITE_RECURSION = YES;
				CLANG_WARN_INT_CONVERSION = YES;
				CLANG_WARN_NON_LITERAL_NULL_CONVERSION = YES;
				CLANG_WARN_OBJC_IMPLICIT_RETAIN_SELF = YES;
				CLANG_WARN_OBJC_LITERAL_CONVERSION = YES;
				CLANG_WARN_OBJC_ROOT_CLASS = YES_ERROR;
				CLANG_WARN_QUOTED_INCLUDE_IN_FRAMEWORK_HEADER = YES;
				CLANG_WARN_RANGE_LOOP_ANALYSIS = YES;
				CLANG_WARN_STRICT_PROTOTYPES = YES;
				CLANG_WARN_SUSPICIOUS_MOVE = YES;
				CLANG_WARN_UNGUARDED_AVAILABILITY = YES_AGGRESSIVE;
				CLANG_WARN_UNREACHABLE_CODE = YES;
				CLANG_WARN__DUPLICATE_METHOD_MATCH = YES;
				COPY_PHASE_STRIP = NO;
				DEBUG_INFORMATION_FORMAT = "dwarf-with-dsym";
				ENABLE_NS_ASSERTIONS = NO;
				ENABLE_STRICT_OBJC_MSGSEND = YES;
				ENABLE_USER_SCRIPT_SANDBOXING = YES;
				GCC_C_LANGUAGE_STANDARD = gnu17;
				GCC_NO_COMMON_BLOCKS = YES;
				GCC_WARN_64_TO_32_BIT_CONVERSION = YES;
				GCC_WARN_ABOUT_RETURN_TYPE = YES_ERROR;
				GCC_WARN_UNDECLARED_SELECTOR = YES;
				GCC_WARN_UNINITIALIZED_AUTOS = YES_AGGRESSIVE;
				GCC_WARN_UNUSED_FUNCTION = YES;
				GCC_WARN_UNUSED_VARIABLE = YES;
				IPHONEOS_DEPLOYMENT_TARGET = 17.5;
				LOCALIZATION_PREFERS_STRING_CATALOGS = YES;
				MTL_ENABLE_DEBUG_INFO = NO;
				MTL_FAST_MATH = YES;
				SDKROOT = iphoneos;
				SWIFT_COMPILATION_MODE = wholemodule;
				VALIDATE_PRODUCT = YES;
			};
			name = Release;
		};
		979E6FEF2C492CDA00EBB4CC /* Debug */ = {
			isa = XCBuildConfiguration;
			buildSettings = {
				ASSETCATALOG_COMPILER_APPICON_NAME = AppIcon;
				ASSETCATALOG_COMPILER_GLOBAL_ACCENT_COLOR_NAME = AccentColor;
				CODE_SIGN_STYLE = Automatic;
				CURRENT_PROJECT_VERSION = 1;
				DEVELOPMENT_ASSET_PATHS = "\"TodoList/Preview Content\"";
				ENABLE_PREVIEWS = YES;
				GENERATE_INFOPLIST_FILE = YES;
				INFOPLIST_KEY_UIApplicationSceneManifest_Generation = YES;
				INFOPLIST_KEY_UIApplicationSupportsIndirectInputEvents = YES;
				INFOPLIST_KEY_UILaunchScreen_Generation = YES;
				INFOPLIST_KEY_UISupportedInterfaceOrientations_iPad = "UIInterfaceOrientationPortrait UIInterfaceOrientationPortraitUpsideDown UIInterfaceOrientationLandscapeLeft UIInterfaceOrientationLandscapeRight";
				INFOPLIST_KEY_UISupportedInterfaceOrientations_iPhone = "UIInterfaceOrientationPortrait UIInterfaceOrientationLandscapeLeft UIInterfaceOrientationLandscapeRight";
				LD_RUNPATH_SEARCH_PATHS = (
					"$(inherited)",
					"@executable_path/Frameworks",
				);
				MARKETING_VERSION = 1.0;
				PRODUCT_BUNDLE_IDENTIFIER = com.alwis.TodoList;
				PRODUCT_NAME = "$(TARGET_NAME)";
				SWIFT_EMIT_LOC_STRINGS = YES;
				SWIFT_VERSION = 5.0;
				TARGETED_DEVICE_FAMILY = "1,2";
			};
			name = Debug;
		};
		979E6FF02C492CDA00EBB4CC /* Release */ = {
			isa = XCBuildConfiguration;
			buildSettings = {
				ASSETCATALOG_COMPILER_APPICON_NAME = AppIcon;
				ASSETCATALOG_COMPILER_GLOBAL_ACCENT_COLOR_NAME = AccentColor;
				CODE_SIGN_STYLE = Automatic;
				CURRENT_PROJECT_VERSION = 1;
				DEVELOPMENT_ASSET_PATHS = "\"TodoList/Preview Content\"";
				ENABLE_PREVIEWS = YES;
				GENERATE_INFOPLIST_FILE = YES;
				INFOPLIST_KEY_UIApplicationSceneManifest_Generation = YES;
				INFOPLIST_KEY_UIApplicationSupportsIndirectInputEvents = YES;
				INFOPLIST_KEY_UILaunchScreen_Generation = YES;
				INFOPLIST_KEY_UISupportedInterfaceOrientations_iPad = "UIInterfaceOrientationPortrait UIInterfaceOrientationPortraitUpsideDown UIInterfaceOrientationLandscapeLeft UIInterfaceOrientationLandscapeRight";
				INFOPLIST_KEY_UISupportedInterfaceOrientations_iPhone = "UIInterfaceOrientationPortrait UIInterfaceOrientationLandscapeLeft UIInterfaceOrientationLandscapeRight";
				LD_RUNPATH_SEARCH_PATHS = (
					"$(inherited)",
					"@executable_path/Frameworks",
				);
				MARKETING_VERSION = 1.0;
				PRODUCT_BUNDLE_IDENTIFIER = com.alwis.TodoList;
				PRODUCT_NAME = "$(TARGET_NAME)";
				SWIFT_EMIT_LOC_STRINGS = YES;
				SWIFT_VERSION = 5.0;
				TARGETED_DEVICE_FAMILY = "1,2";
			};
			name = Release;
		};
		979E6FF22C492CDA00EBB4CC /* Debug */ = {
			isa = XCBuildConfiguration;
			buildSettings = {
				ALWAYS_EMBED_SWIFT_STANDARD_LIBRARIES = YES;
				BUNDLE_LOADER = "$(TEST_HOST)";
				CODE_SIGN_STYLE = Automatic;
				CURRENT_PROJECT_VERSION = 1;
				GENERATE_INFOPLIST_FILE = YES;
				IPHONEOS_DEPLOYMENT_TARGET = 17.5;
				MARKETING_VERSION = 1.0;
				PRODUCT_BUNDLE_IDENTIFIER = com.alwis.TodoListTests;
				PRODUCT_NAME = "$(TARGET_NAME)";
				SWIFT_EMIT_LOC_STRINGS = NO;
				SWIFT_VERSION = 5.0;
				TARGETED_DEVICE_FAMILY = "1,2";
				TEST_HOST = "$(BUILT_PRODUCTS_DIR)/TodoList.app/$(BUNDLE_EXECUTABLE_FOLDER_PATH)/TodoList";
			};
			name = Debug;
		};
		979E6FF32C492CDA00EBB4CC /* Release */ = {
			isa = XCBuildConfiguration;
			buildSettings = {
				ALWAYS_EMBED_SWIFT_STANDARD_LIBRARIES = YES;
				BUNDLE_LOADER = "$(TEST_HOST)";
				CODE_SIGN_STYLE = Automatic;
				CURRENT_PROJECT_VERSION = 1;
				GENERATE_INFOPLIST_FILE = YES;
				IPHONEOS_DEPLOYMENT_TARGET = 17.5;
				MARKETING_VERSION = 1.0;
				PRODUCT_BUNDLE_IDENTIFIER = com.alwis.TodoListTests;
				PRODUCT_NAME = "$(TARGET_NAME)";
				SWIFT_EMIT_LOC_STRINGS = NO;
				SWIFT_VERSION = 5.0;
				TARGETED_DEVICE_FAMILY = "1,2";
				TEST_HOST = "$(BUILT_PRODUCTS_DIR)/TodoList.app/$(BUNDLE_EXECUTABLE_FOLDER_PATH)/TodoList";
			};
			name = Release;
		};
		979E6FF52C492CDA00EBB4CC /* Debug */ = {
			isa = XCBuildConfiguration;
			buildSettings = {
				ALWAYS_EMBED_SWIFT_STANDARD_LIBRARIES = YES;
				CODE_SIGN_STYLE = Automatic;
				CURRENT_PROJECT_VERSION = 1;
				GENERATE_INFOPLIST_FILE = YES;
				MARKETING_VERSION = 1.0;
				PRODUCT_BUNDLE_IDENTIFIER = com.alwis.TodoListUITests;
				PRODUCT_NAME = "$(TARGET_NAME)";
				SWIFT_EMIT_LOC_STRINGS = NO;
				SWIFT_VERSION = 5.0;
				TARGETED_DEVICE_FAMILY = "1,2";
				TEST_TARGET_NAME = TodoList;
			};
			name = Debug;
		};
		979E6FF62C492CDA00EBB4CC /* Release */ = {
			isa = XCBuildConfiguration;
			buildSettings = {
				ALWAYS_EMBED_SWIFT_STANDARD_LIBRARIES = YES;
				CODE_SIGN_STYLE = Automatic;
				CURRENT_PROJECT_VERSION = 1;
				GENERATE_INFOPLIST_FILE = YES;
				MARKETING_VERSION = 1.0;
				PRODUCT_BUNDLE_IDENTIFIER = com.alwis.TodoListUITests;
				PRODUCT_NAME = "$(TARGET_NAME)";
				SWIFT_EMIT_LOC_STRINGS = NO;
				SWIFT_VERSION = 5.0;
				TARGETED_DEVICE_FAMILY = "1,2";
				TEST_TARGET_NAME = TodoList;
			};
			name = Release;
		};
/* End XCBuildConfiguration section */

/* Begin XCConfigurationList section */
		979E6FC52C492CD800EBB4CC /* Build configuration list for PBXProject "TodoList" */ = {
			isa = XCConfigurationList;
			buildConfigurations = (
				979E6FEC2C492CDA00EBB4CC /* Debug */,
				979E6FED2C492CDA00EBB4CC /* Release */,
			);
			defaultConfigurationIsVisible = 0;
			defaultConfigurationName = Release;
		};
		979E6FEE2C492CDA00EBB4CC /* Build configuration list for PBXNativeTarget "TodoList" */ = {
			isa = XCConfigurationList;
			buildConfigurations = (
				979E6FEF2C492CDA00EBB4CC /* Debug */,
				979E6FF02C492CDA00EBB4CC /* Release */,
			);
			defaultConfigurationIsVisible = 0;
			defaultConfigurationName = Release;
		};
		979E6FF12C492CDA00EBB4CC /* Build configuration list for PBXNativeTarget "TodoListTests" */ = {
			isa = XCConfigurationList;
			buildConfigurations = (
				979E6FF22C492CDA00EBB4CC /* Debug */,
				979E6FF32C492CDA00EBB4CC /* Release */,
			);
			defaultConfigurationIsVisible = 0;
			defaultConfigurationName = Release;
		};
		979E6FF42C492CDA00EBB4CC /* Build configuration list for PBXNativeTarget "TodoListUITests" */ = {
			isa = XCConfigurationList;
			buildConfigurations = (
				979E6FF52C492CDA00EBB4CC /* Debug */,
				979E6FF62C492CDA00EBB4CC /* Release */,
			);
			defaultConfigurationIsVisible = 0;
			defaultConfigurationName = Release;
		};
/* End XCConfigurationList section */
	};
	rootObject = 979E6FC22C492CD800EBB4CC /* Project object */;
}
